
Microsoft Visual Studio Solution File, Format Version 12.00
# Visual Studio Version 17
VisualStudioVersion = 17.4.33213.308
MinimumVisualStudioVersion = 10.0.40219.1
Project("{FAE04EC0-301F-11D3-BF4B-00C04F79EFBC}") = "EmployeeManagementDB", "EmployeeManagementDB\EmployeeManagementDB.csproj", "{C37732E4-2BA8-4FC7-997B-3BE8C8F25954}"
EndProject
Global
	GlobalSection(SolutionConfigurationPlatforms) = preSolution
		Debug|Any CPU = Debug|Any CPU
		Release|Any CPU = Release|Any CPU
	EndGlobalSection
	GlobalSection(ProjectConfigurationPlatforms) = postSolution
		{C37732E4-2BA8-4FC7-997B-3BE8C8F25954}.Debug|Any CPU.ActiveCfg = Debug|Any CPU
		{C37732E4-2BA8-4FC7-997B-3BE8C8F25954}.Debug|Any CPU.Build.0 = Debug|Any CPU
		{C37732E4-2BA8-4FC7-997B-3BE8C8F25954}.Release|Any CPU.ActiveCfg = Release|Any CPU
		{C37732E4-2BA8-4FC7-997B-3BE8C8F25954}.Release|Any CPU.Build.0 = Release|Any CPU
	EndGlobalSection
	GlobalSection(SolutionProperties) = preSolution
		HideSolutionNode = FALSE
	EndGlobalSection
	GlobalSection(ExtensibilityGlobals) = postSolution
		SolutionGuid = {20E5D042-F922-4A4C-A349-F0685FEDE3DB}
	EndGlobalSection
EndGlobal
